lockfileVersion: '9.0'

settings:
  autoInstallPeers: true
  excludeLinksFromLockfile: false

catalogs:
  default:
    '@biomejs/biome':
      specifier: 2.0.6
      version: 2.0.6
    oxlint:
      specifier: ^1.6.0
      version: 1.6.0
    typescript:
      specifier: ^5.8.3
      version: 5.8.3

importers:

  .:
    devDependencies:
      '@biomejs/biome':
        specifier: 'catalog:'
        version: 2.0.6
      oxlint:
        specifier: 'catalog:'
        version: 1.6.0
      turbo:
        specifier: ^2.5.4
        version: 2.5.4
      typescript:
        specifier: 'catalog:'
        version: 5.8.3

packages:

  '@biomejs/biome@2.0.6':
    resolution: {integrity: sha512-RRP+9cdh5qwe2t0gORwXaa27oTOiQRQvrFf49x2PA1tnpsyU7FIHX4ZOFMtBC4QNtyWsN7Dqkf5EDbg4X+9iqA==}
    engines: {node: '>=14.21.3'}
    hasBin: true

  '@biomejs/cli-darwin-arm64@2.0.6':
    resolution: {integrity: sha512-AzdiNNjNzsE6LfqWyBvcL29uWoIuZUkndu+wwlXW13EKcBHbbKjNQEZIJKYDc6IL+p7bmWGx3v9ZtcRyIoIz5A==}
    engines: {node: '>=14.21.3'}
    cpu: [arm64]
    os: [darwin]

  '@biomejs/cli-darwin-x64@2.0.6':
    resolution: {integrity: sha512-wJjjP4E7bO4WJmiQaLnsdXMa516dbtC6542qeRkyJg0MqMXP0fvs4gdsHhZ7p9XWTAmGIjZHFKXdsjBvKGIJJQ==}
    engines: {node: '>=14.21.3'}
    cpu: [x64]
    os: [darwin]

  '@biomejs/cli-linux-arm64-musl@2.0.6':
    resolution: {integrity: sha512-CVPEMlin3bW49sBqLBg2x016Pws7eUXA27XYDFlEtponD0luYjg2zQaMJ2nOqlkKG9fqzzkamdYxHdMDc2gZFw==}
    engines: {node: '>=14.21.3'}
    cpu: [arm64]
    os: [linux]

  '@biomejs/cli-linux-arm64@2.0.6':
    resolution: {integrity: sha512-ZSVf6TYo5rNMUHIW1tww+rs/krol7U5A1Is/yzWyHVZguuB0lBnIodqyFuwCNqG9aJGyk7xIMS8HG0qGUPz0SA==}
    engines: {node: '>=14.21.3'}
    cpu: [arm64]
    os: [linux]

  '@biomejs/cli-linux-x64-musl@2.0.6':
    resolution: {integrity: sha512-mKHE/e954hR/hSnAcJSjkf4xGqZc/53Kh39HVW1EgO5iFi0JutTN07TSjEMg616julRtfSNJi0KNyxvc30Y4rQ==}
    engines: {node: '>=14.21.3'}
    cpu: [x64]
    os: [linux]

  '@biomejs/cli-linux-x64@2.0.6':
    resolution: {integrity: sha512-geM1MkHTV1Kh2Cs/Xzot9BOF3WBacihw6bkEmxkz4nSga8B9/hWy5BDiOG3gHDGIBa8WxT0nzsJs2f/hPqQIQw==}
    engines: {node: '>=14.21.3'}
    cpu: [x64]
    os: [linux]

  '@biomejs/cli-win32-arm64@2.0.6':
    resolution: {integrity: sha512-290V4oSFoKaprKE1zkYVsDfAdn0An5DowZ+GIABgjoq1ndhvNxkJcpxPsiYtT7slbVe3xmlT0ncdfOsN7KruzA==}
    engines: {node: '>=14.21.3'}
    cpu: [arm64]
    os: [win32]

  '@biomejs/cli-win32-x64@2.0.6':
    resolution: {integrity: sha512-bfM1Bce0d69Ao7pjTjUS+AWSZ02+5UHdiAP85Th8e9yV5xzw6JrHXbL5YWlcEKQ84FIZMdDc7ncuti1wd2sdbw==}
    engines: {node: '>=14.21.3'}
    cpu: [x64]
    os: [win32]

  '@oxlint/darwin-arm64@1.6.0':
    resolution: {integrity: sha512-m3wyqBh1TOHjpr/dXeIZY7OoX+MQazb+bMHQdDtwUvefrafUx+5YHRvulYh1sZSQ449nQ3nk3qj5qj535vZRjg==}
    cpu: [arm64]
    os: [darwin]

  '@oxlint/darwin-x64@1.6.0':
    resolution: {integrity: sha512-75fJfF/9xNypr7cnOYoZBhfmG1yP7ex3pUOeYGakmtZRffO9z1i1quLYhjZsmaDXsAIZ3drMhenYHMmFKS3SRg==}
    cpu: [x64]
    os: [darwin]

  '@oxlint/linux-arm64-gnu@1.6.0':
    resolution: {integrity: sha512-YhXGf0FXa72bEt4F7eTVKx5X3zWpbAOPnaA/dZ6/g8tGhw1m9IFjrabVHFjzcx3dQny4MgA59EhyElkDvpUe8A==}
    cpu: [arm64]
    os: [linux]

  '@oxlint/linux-arm64-musl@1.6.0':
    resolution: {integrity: sha512-T3JDhx8mjGjvh5INsPZJrlKHmZsecgDYvtvussKRdkc1Nnn7WC+jH9sh5qlmYvwzvmetlPVNezAoNvmGO9vtMg==}
    cpu: [arm64]
    os: [linux]

  '@oxlint/linux-x64-gnu@1.6.0':
    resolution: {integrity: sha512-Dx7ghtAl8aXBdqofJpi338At6lkeCtTfoinTYQXd9/TEJx+f+zCGNlQO6nJz3ydJBX48FDuOFKkNC+lUlWrd8w==}
    cpu: [x64]
    os: [linux]

  '@oxlint/linux-x64-musl@1.6.0':
    resolution: {integrity: sha512-7KvMGdWmAZtAtg6IjoEJHKxTXdAcrHnUnqfgs0JpXst7trquV2mxBeRZusQXwxpu4HCSomKMvJfsp1qKaqSFDg==}
    cpu: [x64]
    os: [linux]

  '@oxlint/win32-arm64@1.6.0':
    resolution: {integrity: sha512-iSGC9RwX+dl7o5KFr5aH7Gq3nFbkq/3Gda6mxNPMvNkWrgXdIyiINxpyD8hJu566M+QSv1wEAu934BZotFDyoQ==}
    cpu: [arm64]
    os: [win32]

  '@oxlint/win32-x64@1.6.0':
    resolution: {integrity: sha512-jOj3L/gfLc0IwgOTkZMiZ5c673i/hbAmidlaylT0gE6H18hln9HxPgp5GCf4E4y6mwEJlW8QC5hQi221+9otdA==}
    cpu: [x64]
    os: [win32]

  oxlint@1.6.0:
    resolution: {integrity: sha512-jtaD65PqzIa1udvSxxscTKBxYKuZoFXyKGLiU1Qjo1ulq3uv/fQDtoV1yey1FrQZrQjACGPi1Widsy1TucC7Jg==}
    engines: {node: '>=8.*'}
    hasBin: true

  turbo-darwin-64@2.5.4:
    resolution: {integrity: sha512-ah6YnH2dErojhFooxEzmvsoZQTMImaruZhFPfMKPBq8sb+hALRdvBNLqfc8NWlZq576FkfRZ/MSi4SHvVFT9PQ==}
    cpu: [x64]
    os: [darwin]

  turbo-darwin-arm64@2.5.4:
    resolution: {integrity: sha512-2+Nx6LAyuXw2MdXb7pxqle3MYignLvS7OwtsP9SgtSBaMlnNlxl9BovzqdYAgkUW3AsYiQMJ/wBRb7d+xemM5A==}
    cpu: [arm64]
    os: [darwin]

  turbo-linux-64@2.5.4:
    resolution: {integrity: sha512-5May2kjWbc8w4XxswGAl74GZ5eM4Gr6IiroqdLhXeXyfvWEdm2mFYCSWOzz0/z5cAgqyGidF1jt1qzUR8hTmOA==}
    cpu: [x64]
    os: [linux]

  turbo-linux-arm64@2.5.4:
    resolution: {integrity: sha512-/2yqFaS3TbfxV3P5yG2JUI79P7OUQKOUvAnx4MV9Bdz6jqHsHwc9WZPpO4QseQm+NvmgY6ICORnoVPODxGUiJg==}
    cpu: [arm64]
    os: [linux]

  turbo-windows-64@2.5.4:
    resolution: {integrity: sha512-EQUO4SmaCDhO6zYohxIjJpOKRN3wlfU7jMAj3CgcyTPvQR/UFLEKAYHqJOnJtymbQmiiM/ihX6c6W6Uq0yC7mA==}
    cpu: [x64]
    os: [win32]

  turbo-windows-arm64@2.5.4:
    resolution: {integrity: sha512-oQ8RrK1VS8lrxkLriotFq+PiF7iiGgkZtfLKF4DDKsmdbPo0O9R2mQxm7jHLuXraRCuIQDWMIw6dpcr7Iykf4A==}
    cpu: [arm64]
    os: [win32]

  turbo@2.5.4:
    resolution: {integrity: sha512-kc8ZibdRcuWUG1pbYSBFWqmIjynlD8Lp7IB6U3vIzvOv9VG+6Sp8bzyeBWE3Oi8XV5KsQrznyRTBPvrf99E4mA==}
    hasBin: true

  typescript@5.8.3:
    resolution: {integrity: sha512-p1diW6TqL9L07nNxvRMM7hMMw4c5XOo/1ibL4aAIGmSAt9slTE1Xgw5KWuof2uTOvCg9BY7ZRi+GaF+7sfgPeQ==}
    engines: {node: '>=14.17'}
    hasBin: true

snapshots:

  '@biomejs/biome@2.0.6':
    optionalDependencies:
      '@biomejs/cli-darwin-arm64': 2.0.6
      '@biomejs/cli-darwin-x64': 2.0.6
      '@biomejs/cli-linux-arm64': 2.0.6
      '@biomejs/cli-linux-arm64-musl': 2.0.6
      '@biomejs/cli-linux-x64': 2.0.6
      '@biomejs/cli-linux-x64-musl': 2.0.6
      '@biomejs/cli-win32-arm64': 2.0.6
      '@biomejs/cli-win32-x64': 2.0.6

  '@biomejs/cli-darwin-arm64@2.0.6':
    optional: true

  '@biomejs/cli-darwin-x64@2.0.6':
    optional: true

  '@biomejs/cli-linux-arm64-musl@2.0.6':
    optional: true

  '@biomejs/cli-linux-arm64@2.0.6':
    optional: true

  '@biomejs/cli-linux-x64-musl@2.0.6':
    optional: true

  '@biomejs/cli-linux-x64@2.0.6':
    optional: true

  '@biomejs/cli-win32-arm64@2.0.6':
    optional: true

  '@biomejs/cli-win32-x64@2.0.6':
    optional: true

  '@oxlint/darwin-arm64@1.6.0':
    optional: true

  '@oxlint/darwin-x64@1.6.0':
    optional: true

  '@oxlint/linux-arm64-gnu@1.6.0':
    optional: true

  '@oxlint/linux-arm64-musl@1.6.0':
    optional: true

  '@oxlint/linux-x64-gnu@1.6.0':
    optional: true

  '@oxlint/linux-x64-musl@1.6.0':
    optional: true

  '@oxlint/win32-arm64@1.6.0':
    optional: true

  '@oxlint/win32-x64@1.6.0':
    optional: true

  oxlint@1.6.0:
    optionalDependencies:
      '@oxlint/darwin-arm64': 1.6.0
      '@oxlint/darwin-x64': 1.6.0
      '@oxlint/linux-arm64-gnu': 1.6.0
      '@oxlint/linux-arm64-musl': 1.6.0
      '@oxlint/linux-x64-gnu': 1.6.0
      '@oxlint/linux-x64-musl': 1.6.0
      '@oxlint/win32-arm64': 1.6.0
      '@oxlint/win32-x64': 1.6.0

  turbo-darwin-64@2.5.4:
    optional: true

  turbo-darwin-arm64@2.5.4:
    optional: true

  turbo-linux-64@2.5.4:
    optional: true

  turbo-linux-arm64@2.5.4:
    optional: true

  turbo-windows-64@2.5.4:
    optional: true

  turbo-windows-arm64@2.5.4:
    optional: true

  turbo@2.5.4:
    optionalDependencies:
      turbo-darwin-64: 2.5.4
      turbo-darwin-arm64: 2.5.4
      turbo-linux-64: 2.5.4
      turbo-linux-arm64: 2.5.4
      turbo-windows-64: 2.5.4
      turbo-windows-arm64: 2.5.4

  typescript@5.8.3: {}
